<?xml version="1.0" encoding="utf-8"?>
<Project ToolsVersion="4.0" xmlns="http://schemas.microsoft.com/developer/msbuild/2003">
  <ItemGroup>
    <Filter Include="inc">
      <UniqueIdentifier>{1cd3224f-01ee-454e-8657-79718f91f592}</UniqueIdentifier>
    </Filter>
    <Filter Include="src">
      <UniqueIdentifier>{4FC737F1-C7A5-4376-A066-2A32D752A2FF}</UniqueIdentifier>
      <Extensions>cpp;c;cc;cxx;c++;cppm;ixx;def;odl;idl;hpj;bat;asm;asmx</Extensions>
    </Filter>
  </ItemGroup>
  <ItemGroup>
    <ClCompile Include="..\src\main.cpp">
      <Filter>src</Filter>
    </ClCompile>
    <ClCompile Include="..\src\01.cpp">
      <Filter>src</Filter>
    </ClCompile>
    <ClCompile Include="..\src\02.cpp">
      <Filter>src</Filter>
    </ClCompile>
    <ClCompile Include="..\src\03.cpp">
      <Filter>src</Filter>
    </ClCompile>
    <ClCompile Include="..\src\04.cpp">
      <Filter>src</Filter>
    </ClCompile>
    <ClCompile Include="..\src\05.cpp">
      <Filter>src</Filter>
    </ClCompile>
    <ClCompile Include="..\src\06.cpp">
      <Filter>src</Filter>
    </ClCompile>
    <ClCompile Include="..\src\07.cpp">
      <Filter>src</Filter>
    </ClCompile>
    <ClCompile Include="..\src\08.cpp">
      <Filter>src</Filter>
    </ClCompile>
    <ClCompile Include="..\src\09.cpp">
      <Filter>src</Filter>
    </ClCompile>
    <ClCompile Include="..\src\10.cpp">
      <Filter>src</Filter>
    </ClCompile>
    <ClCompile Include="..\src\11.cpp">
      <Filter>src</Filter>
    </ClCompile>
    <ClCompile Include="..\src\12.cpp">
      <Filter>src</Filter>
    </ClCompile>
    <ClCompile Include="..\src\13.cpp">
      <Filter>src</Filter>
    </ClCompile>
    <ClCompile Include="..\src\14.cpp">
      <Filter>src</Filter>
    </ClCompile>
    <ClCompile Include="..\src\15.cpp">
      <Filter>src</Filter>
    </ClCompile>
    <ClCompile Include="..\src\16.cpp">
      <Filter>src</Filter>
    </ClCompile>
    <ClCompile Include="..\src\17.cpp">
      <Filter>src</Filter>
    </ClCompile>
    <ClCompile Include="..\src\18.cpp">
      <Filter>src</Filter>
    </ClCompile>
    <ClCompile Include="..\src\19.cpp">
      <Filter>src</Filter>
    </ClCompile>
    <ClCompile Include="..\src\20.cpp">
      <Filter>src</Filter>
    </ClCompile>
    <ClCompile Include="..\src\21.cpp">
      <Filter>src</Filter>
    </ClCompile>
    <ClCompile Include="..\src\22.cpp">
      <Filter>src</Filter>
    </ClCompile>
    <ClCompile Include="..\src\23.cpp">
      <Filter>src</Filter>
    </ClCompile>
    <ClCompile Include="..\src\24.cpp">
      <Filter>src</Filter>
    </ClCompile>
    <ClCompile Include="..\src\25.cpp">
      <Filter>src</Filter>
    </ClCompile>
  </ItemGroup>
  <ItemGroup>
    <ClInclude Include="..\src\common.h">
      <Filter>inc</Filter>
    </ClInclude>
    <ClInclude Include="..\src\fileio.h">
      <Filter>inc</Filter>
    </ClInclude>
  </ItemGroup>
</Project>